
Microsoft Visual Studio Solution File, Format Version 12.00
# Visual Studio Version 17
VisualStudioVersion = 17.14.36414.22 d17.14
MinimumVisualStudioVersion = 10.0.40219.1
Project("{FAE04EC0-301F-11D3-BF4B-00C04F79EFBC}") = "FormalizaT", "FormalizaT\FormalizaT.csproj", "{1C1B78CB-6F21-43BD-90E0-6173DD3BCC0D}"
EndProject
Global
	GlobalSection(SolutionConfigurationPlatforms) = preSolution
		Debug|Any CPU = Debug|Any CPU
		Release|Any CPU = Release|Any CPU
	EndGlobalSection
	GlobalSection(ProjectConfigurationPlatforms) = postSolution
		{1C1B78CB-6F21-43BD-90E0-6173DD3BCC0D}.Debug|Any CPU.ActiveCfg = Debug|Any CPU
		{1C1B78CB-6F21-43BD-90E0-6173DD3BCC0D}.Debug|Any CPU.Build.0 = Debug|Any CPU
		{1C1B78CB-6F21-43BD-90E0-6173DD3BCC0D}.Release|Any CPU.ActiveCfg = Release|Any CPU
		{1C1B78CB-6F21-43BD-90E0-6173DD3BCC0D}.Release|Any CPU.Build.0 = Release|Any CPU
	EndGlobalSection
	GlobalSection(SolutionProperties) = preSolution
		HideSolutionNode = FALSE
	EndGlobalSection
	GlobalSection(ExtensibilityGlobals) = postSolution
		SolutionGuid = {1CD8EE6F-2085-4BCD-AAAE-143965F04F09}
	EndGlobalSection
EndGlobal
